
Microsoft Visual Studio Solution File, Format Version 12.00
# Visual Studio 15
VisualStudioVersion = 15.0.27428.2002
MinimumVisualStudioVersion = 10.0.40219.1
Project("{9A19103F-16F7-4668-BE54-9A1E7A4F7556}") = "WebAPIHealth", "WebAPI-Health\WebAPIHealth.csproj", "{846D6AC9-2080-4ABC-936A-6CC0CFDCDF59}"
EndProject
Global
	GlobalSection(SolutionConfigurationPlatforms) = preSolution
		Debug|Any CPU = Debug|Any CPU
		Release|Any CPU = Release|Any CPU
	EndGlobalSection
	GlobalSection(ProjectConfigurationPlatforms) = postSolution
		{846D6AC9-2080-4ABC-936A-6CC0CFDCDF59}.Debug|Any CPU.ActiveCfg = Debug|Any CPU
		{846D6AC9-2080-4ABC-936A-6CC0CFDCDF59}.Debug|Any CPU.Build.0 = Debug|Any CPU
		{846D6AC9-2080-4ABC-936A-6CC0CFDCDF59}.Release|Any CPU.ActiveCfg = Release|Any CPU
		{846D6AC9-2080-4ABC-936A-6CC0CFDCDF59}.Release|Any CPU.Build.0 = Release|Any CPU
	EndGlobalSection
	GlobalSection(SolutionProperties) = preSolution
		HideSolutionNode = FALSE
	EndGlobalSection
	GlobalSection(ExtensibilityGlobals) = postSolution
		SolutionGuid = {3917BF62-6A6C-4C3E-8AB3-D57678396930}
	EndGlobalSection
EndGlobal
